
Microsoft Visual Studio Solution File, Format Version 12.00
# Visual Studio Version 17
VisualStudioVersion = 17.8.34330.188
MinimumVisualStudioVersion = 10.0.40219.1
Project("{FAE04EC0-301F-11D3-BF4B-00C04F79EFBC}") = "TimeDelayDopplerEffect", "TimeDelayDopplerEffect.csproj", "{BB4DE288-1AE8-4469-911F-92DF3138B57E}"
EndProject
Global
	GlobalSection(SolutionConfigurationPlatforms) = preSolution
		Debug|Any CPU = Debug|Any CPU
		Release|Any CPU = Release|Any CPU
	EndGlobalSection
	GlobalSection(ProjectConfigurationPlatforms) = postSolution
		{BB4DE288-1AE8-4469-911F-92DF3138B57E}.Debug|Any CPU.ActiveCfg = Debug|Any CPU
		{BB4DE288-1AE8-4469-911F-92DF3138B57E}.Debug|Any CPU.Build.0 = Debug|Any CPU
		{BB4DE288-1AE8-4469-911F-92DF3138B57E}.Release|Any CPU.ActiveCfg = Release|Any CPU
		{BB4DE288-1AE8-4469-911F-92DF3138B57E}.Release|Any CPU.Build.0 = Release|Any CPU
	EndGlobalSection
	GlobalSection(SolutionProperties) = preSolution
		HideSolutionNode = FALSE
	EndGlobalSection
	GlobalSection(ExtensibilityGlobals) = postSolution
		SolutionGuid = {AD854317-066F-467E-A203-DA2B65B47E84}
	EndGlobalSection
EndGlobal
